Microsoft Visual Studio Solution File, Format Version 11.00
# Visual Studio 2008

Project("{C2D495CE-CB46-C538-901E-4EBE7ADDD8F6}") = "VuforiaAR", "Assembly-CSharp.csproj", "{0014F8E8-152E-EE29-CDD6-3854D0457B93}"
EndProject
Project("{C2D495CE-CB46-C538-901E-4EBE7ADDD8F6}") = "VuforiaAR", "Assembly-CSharp-Editor.csproj", "{AA999D36-0152-51C2-CDF2-87C754F25B05}"
EndProject
Global
	GlobalSection(SolutionConfigurationPlatforms) = preSolution
		Debug|Any CPU = Debug|Any CPU
		Release|Any CPU = Release|Any CPU
	EndGlobalSection
	GlobalSection(ProjectConfigurationPlatforms) = postSolution
		{0014F8E8-152E-EE29-CDD6-3854D0457B93}.Debug|Any CPU.ActiveCfg = Debug|Any CPU
		{0014F8E8-152E-EE29-CDD6-3854D0457B93}.Debug|Any CPU.Build.0 = Debug|Any CPU
		{0014F8E8-152E-EE29-CDD6-3854D0457B93}.Release|Any CPU.ActiveCfg = Release|Any CPU
		{0014F8E8-152E-EE29-CDD6-3854D0457B93}.Release|Any CPU.Build.0 = Release|Any CPU
		{AA999D36-0152-51C2-CDF2-87C754F25B05}.Debug|Any CPU.ActiveCfg = Debug|Any CPU
		{AA999D36-0152-51C2-CDF2-87C754F25B05}.Debug|Any CPU.Build.0 = Debug|Any CPU
		{AA999D36-0152-51C2-CDF2-87C754F25B05}.Release|Any CPU.ActiveCfg = Release|Any CPU
		{AA999D36-0152-51C2-CDF2-87C754F25B05}.Release|Any CPU.Build.0 = Release|Any CPU
	EndGlobalSection
	GlobalSection(SolutionProperties) = preSolution
		HideSolutionNode = FALSE
	EndGlobalSection
	GlobalSection(MonoDevelopProperties) = preSolution
		StartupItem = Assembly-CSharp.csproj
	EndGlobalSection
EndGlobal
